// !$*UTF8*$!
{
	archiveVersion = 1;
	classes = {
	};
	objectVersion = 55;
	objects = {

/* Begin PBXBuildFile section */
		F73A2D8F26A404F500137EF0 /* PlanningPokerApp.swift in Sources */ = {isa = PBXBuildFile; fileRef = F73A2D8E26A404F500137EF0 /* PlanningPokerApp.swift */; };
		F73A2D9126A404F500137EF0 /* ContentView.swift in Sources */ = {isa = PBXBuildFile; fileRef = F73A2D9026A404F500137EF0 /* ContentView.swift */; };
		F73A2D9326A404F500137EF0 /* Assets.xcassets in Resources */ = {isa = PBXBuildFile; fileRef = F73A2D9226A404F500137EF0 /* Assets.xcassets */; };
		F73A2D9626A404F500137EF0 /* Preview Assets.xcassets in Resources */ = {isa = PBXBuildFile; fileRef = F73A2D9526A404F500137EF0 /* Preview Assets.xcassets */; };
		F78D861926A4093F00B3E1A9 /* PlanningPoker.swift in Sources */ = {isa = PBXBuildFile; fileRef = F78D861826A4093F00B3E1A9 /* PlanningPoker.swift */; };
		F78D861B26A4147C00B3E1A9 /* Game.swift in Sources */ = {isa = PBXBuildFile; fileRef = F78D861A26A4147C00B3E1A9 /* Game.swift */; };
		F78D862326A4239100B3E1A9 /* Card.swift in Sources */ = {isa = PBXBuildFile; fileRef = F78D862226A4239100B3E1A9 /* Card.swift */; };
/* End PBXBuildFile section */

/* Begin PBXFileReference section */
		F73A2D8B26A404F500137EF0 /* PlanningPoker.app */ = {isa = PBXFileReference; explicitFileType = wrapper.application; includeInIndex = 0; path = PlanningPoker.app; sourceTree = BUILT_PRODUCTS_DIR; };
		F73A2D8E26A404F500137EF0 /* PlanningPokerApp.swift */ = {isa = PBXFileReference; lastKnownFileType = sourcecode.swift; path = PlanningPokerApp.swift; sourceTree = "<group>"; };
		F73A2D9026A404F500137EF0 /* ContentView.swift */ = {isa = PBXFileReference; lastKnownFileType = sourcecode.swift; path = ContentView.swift; sourceTree = "<group>"; };
		F73A2D9226A404F500137EF0 /* Assets.xcassets */ = {isa = PBXFileReference; lastKnownFileType = folder.assetcatalog; path = Assets.xcassets; sourceTree = "<group>"; };
		F73A2D9526A404F500137EF0 /* Preview Assets.xcassets */ = {isa = PBXFileReference; lastKnownFileType = folder.assetcatalog; path = "Preview Assets.xcassets"; sourceTree = "<group>"; };
		F73A2D9C26A4087300137EF0 /* PlanningPoker.entitlements */ = {isa = PBXFileReference; lastKnownFileType = text.plist.entitlements; path = PlanningPoker.entitlements; sourceTree = "<group>"; };
		F78D861826A4093F00B3E1A9 /* PlanningPoker.swift */ = {isa = PBXFileReference; lastKnownFileType = sourcecode.swift; path = PlanningPoker.swift; sourceTree = "<group>"; };
		F78D861A26A4147C00B3E1A9 /* Game.swift */ = {isa = PBXFileReference; lastKnownFileType = sourcecode.swift; path = Game.swift; sourceTree = "<group>"; };
		F78D862226A4239100B3E1A9 /* Card.swift */ = {isa = PBXFileReference; lastKnownFileType = sourcecode.swift; path = Card.swift; sourceTree = "<group>"; };
/* End PBXFileReference section */

/* Begin PBXFrameworksBuildPhase section */
		F73A2D8826A404F500137EF0 /* Frameworks */ = {
			isa = PBXFrameworksBuildPhase;
			buildActionMask = 2147483647;
			files = (
			);
			runOnlyForDeploymentPostprocessing = 0;
		};
/* End PBXFrameworksBuildPhase section */

/* Begin PBXGroup section */
		F73A2D8226A404F500137EF0 = {
			isa = PBXGroup;
			children = (
				F73A2D8D26A404F500137EF0 /* PlanningPoker */,
				F73A2D8C26A404F500137EF0 /* Products */,
			);
			sourceTree = "<group>";
		};
		F73A2D8C26A404F500137EF0 /* Products */ = {
			isa = PBXGroup;
			children = (
				F73A2D8B26A404F500137EF0 /* PlanningPoker.app */,
			);
			name = Products;
			sourceTree = "<group>";
		};
		F73A2D8D26A404F500137EF0 /* PlanningPoker */ = {
			isa = PBXGroup;
			children = (
				F78D861F26A41FB200B3E1A9 /* View */,
				F78D861E26A41FA300B3E1A9 /* Model */,
				F73A2D9C26A4087300137EF0 /* PlanningPoker.entitlements */,
				F73A2D8E26A404F500137EF0 /* PlanningPokerApp.swift */,
				F73A2D9226A404F500137EF0 /* Assets.xcassets */,
				F73A2D9426A404F500137EF0 /* Preview Content */,
			);
			path = PlanningPoker;
			sourceTree = "<group>";
		};
		F73A2D9426A404F500137EF0 /* Preview Content */ = {
			isa = PBXGroup;
			children = (
				F73A2D9526A404F500137EF0 /* Preview Assets.xcassets */,
			);
			path = "Preview Content";
			sourceTree = "<group>";
		};
		F78D861E26A41FA300B3E1A9 /* Model */ = {
			isa = PBXGroup;
			children = (
				F78D861826A4093F00B3E1A9 /* PlanningPoker.swift */,
				F78D861A26A4147C00B3E1A9 /* Game.swift */,
				F78D862226A4239100B3E1A9 /* Card.swift */,
			);
			path = Model;
			sourceTree = "<group>";
		};
		F78D861F26A41FB200B3E1A9 /* View */ = {
			isa = PBXGroup;
			children = (
				F73A2D9026A404F500137EF0 /* ContentView.swift */,
			);
			path = View;
			sourceTree = "<group>";
		};
/* End PBXGroup section */

/* Begin PBXNativeTarget section */
		F73A2D8A26A404F500137EF0 /* PlanningPoker */ = {
			isa = PBXNativeTarget;
			buildConfigurationList = F73A2D9926A404F500137EF0 /* Build configuration list for PBXNativeTarget "PlanningPoker" */;
			buildPhases = (
				F73A2D8726A404F500137EF0 /* Sources */,
				F73A2D8826A404F500137EF0 /* Frameworks */,
				F73A2D8926A404F500137EF0 /* Resources */,
			);
			buildRules = (
			);
			dependencies = (
			);
			name = PlanningPoker;
			productName = PlanningPoker;
			productReference = F73A2D8B26A404F500137EF0 /* PlanningPoker.app */;
			productType = "com.apple.product-type.application";
		};
/* End PBXNativeTarget section */

/* Begin PBXProject section */
		F73A2D8326A404F500137EF0 /* Project object */ = {
			isa = PBXProject;
			attributes = {
				BuildIndependentTargetsInParallel = 1;
				LastSwiftUpdateCheck = 1300;
				LastUpgradeCheck = 1300;
				TargetAttributes = {
					F73A2D8A26A404F500137EF0 = {
						CreatedOnToolsVersion = 13.0;
					};
				};
			};
			buildConfigurationList = F73A2D8626A404F500137EF0 /* Build configuration list for PBXProject "PlanningPoker" */;
			compatibilityVersion = "Xcode 13.0";
			developmentRegion = en;
			hasScannedForEncodings = 0;
			knownRegions = (
				en,
				Base,
			);
			mainGroup = F73A2D8226A404F500137EF0;
			productRefGroup = F73A2D8C26A404F500137EF0 /* Products */;
			projectDirPath = "";
			projectRoot = "";
			targets = (
				F73A2D8A26A404F500137EF0 /* PlanningPoker */,
			);
		};
/* End PBXProject section */

/* Begin PBXResourcesBuildPhase section */
		F73A2D8926A404F500137EF0 /* Resources */ = {
			isa = PBXResourcesBuildPhase;
			buildActionMask = 2147483647;
			files = (
				F73A2D9626A404F500137EF0 /* Preview Assets.xcassets in Resources */,
				F73A2D9326A404F500137EF0 /* Assets.xcassets in Resources */,
			);
			runOnlyForDeploymentPostprocessing = 0;
		};
/* End PBXResourcesBuildPhase section */

/* Begin PBXSourcesBuildPhase section */
		F73A2D8726A404F500137EF0 /* Sources */ = {
			isa = PBXSourcesBuildPhase;
			buildActionMask = 2147483647;
			files = (
				F73A2D9126A404F500137EF0 /* ContentView.swift in Sources */,
				F73A2D8F26A404F500137EF0 /* PlanningPokerApp.swift in Sources */,
				F78D862326A4239100B3E1A9 /* Card.swift in Sources */,
				F78D861926A4093F00B3E1A9 /* PlanningPoker.swift in Sources */,
				F78D861B26A4147C00B3E1A9 /* Game.swift in Sources */,
			);
			runOnlyForDeploymentPostprocessing = 0;
		};
/* End PBXSourcesBuildPhase section */

/* Begin XCBuildConfiguration section */
		F73A2D9726A404F500137EF0 /* Debug */ = {
			isa = XCBuildConfiguration;
			buildSettings = {
				ALWAYS_SEARCH_USER_PATHS = NO;
				CLANG_ANALYZER_NONNULL = YES;
				CLANG_ANALYZER_NUMBER_OBJECT_CONVERSION = YES_AGGRESSIVE;
				CLANG_CXX_LANGUAGE_STANDARD = "gnu++17";
				CLANG_CXX_LIBRARY = "libc++";
				CLANG_ENABLE_MODULES = YES;
				CLANG_ENABLE_OBJC_ARC = YES;
				CLANG_ENABLE_OBJC_WEAK = YES;
				CLANG_WARN_BLOCK_CAPTURE_AUTORELEASING = YES;
				CLANG_WARN_BOOL_CONVERSION = YES;
				CLANG_WARN_COMMA = YES;
				CLANG_WARN_CONSTANT_CONVERSION = YES;
				CLANG_WARN_DEPRECATED_OBJC_IMPLEMENTATIONS = YES;
				CLANG_WARN_DIRECT_OBJC_ISA_USAGE = YES_ERROR;
				CLANG_WARN_DOCUMENTATION_COMMENTS = YES;
				CLANG_WARN_EMPTY_BODY = YES;
				CLANG_WARN_ENUM_CONVERSION = YES;
				CLANG_WARN_INFINITE_RECURSION = YES;
				CLANG_WARN_INT_CONVERSION = YES;
				CLANG_WARN_NON_LITERAL_NULL_CONVERSION = YES;
				CLANG_WARN_OBJC_IMPLICIT_RETAIN_SELF = YES;
				CLANG_WARN_OBJC_LITERAL_CONVERSION = YES;
				CLANG_WARN_OBJC_ROOT_CLASS = YES_ERROR;
				CLANG_WARN_QUOTED_INCLUDE_IN_FRAMEWORK_HEADER = YES;
				CLANG_WARN_RANGE_LOOP_ANALYSIS = YES;
				CLANG_WARN_STRICT_PROTOTYPES = YES;
				CLANG_WARN_SUSPICIOUS_MOVE = YES;
				CLANG_WARN_UNGUARDED_AVAILABILITY = YES_AGGRESSIVE;
				CLANG_WARN_UNREACHABLE_CODE = YES;
				CLANG_WARN__DUPLICATE_METHOD_MATCH = YES;
				COPY_PHASE_STRIP = NO;
				DEBUG_INFORMATION_FORMAT = dwarf;
				ENABLE_STRICT_OBJC_MSGSEND = YES;
				ENABLE_TESTABILITY = YES;
				GCC_C_LANGUAGE_STANDARD = gnu11;
				GCC_DYNAMIC_NO_PIC = NO;
				GCC_NO_COMMON_BLOCKS = YES;
				GCC_OPTIMIZATION_LEVEL = 0;
				GCC_PREPROCESSOR_DEFINITIONS = (
					"DEBUG=1",
					"$(inherited)",
				);
				GCC_WARN_64_TO_32_BIT_CONVERSION = YES;
				GCC_WARN_ABOUT_RETURN_TYPE = YES_ERROR;
				GCC_WARN_UNDECLARED_SELECTOR = YES;
				GCC_WARN_UNINITIALIZED_AUTOS = YES_AGGRESSIVE;
				GCC_WARN_UNUSED_FUNCTION = YES;
				GCC_WARN_UNUSED_VARIABLE = YES;
				IPHONEOS_DEPLOYMENT_TARGET = 15.0;
				MTL_ENABLE_DEBUG_INFO = INCLUDE_SOURCE;
				MTL_FAST_MATH = YES;
				ONLY_ACTIVE_ARCH = YES;
				SDKROOT = iphoneos;
				SWIFT_ACTIVE_COMPILATION_CONDITIONS = DEBUG;
				SWIFT_OPTIMIZATION_LEVEL = "-Onone";
			};
			name = Debug;
		};
		F73A2D9826A404F500137EF0 /* Release */ = {
			isa = XCBuildConfiguration;
			buildSettings = {
				ALWAYS_SEARCH_USER_PATHS = NO;
				CLANG_ANALYZER_NONNULL = YES;
				CLANG_ANALYZER_NUMBER_OBJECT_CONVERSION = YES_AGGRESSIVE;
				CLANG_CXX_LANGUAGE_STANDARD = "gnu++17";
				CLANG_CXX_LIBRARY = "libc++";
				CLANG_ENABLE_MODULES = YES;
				CLANG_ENABLE_OBJC_ARC = YES;
				CLANG_ENABLE_OBJC_WEAK = YES;
				CLANG_WARN_BLOCK_CAPTURE_AUTORELEASING = YES;
				CLANG_WARN_BOOL_CONVERSION = YES;
				CLANG_WARN_COMMA = YES;
				CLANG_WARN_CONSTANT_CONVERSION = YES;
				CLANG_WARN_DEPRECATED_OBJC_IMPLEMENTATIONS = YES;
				CLANG_WARN_DIRECT_OBJC_ISA_USAGE = YES_ERROR;
				CLANG_WARN_DOCUMENTATION_COMMENTS = YES;
				CLANG_WARN_EMPTY_BODY = YES;
				CLANG_WARN_ENUM_CONVERSION = YES;
				CLANG_WARN_INFINITE_RECURSION = YES;
				CLANG_WARN_INT_CONVERSION = YES;
				CLANG_WARN_NON_LITERAL_NULL_CONVERSION = YES;
				CLANG_WARN_OBJC_IMPLICIT_RETAIN_SELF = YES;
				CLANG_WARN_OBJC_LITERAL_CONVERSION = YES;
				CLANG_WARN_OBJC_ROOT_CLASS = YES_ERROR;
				CLANG_WARN_QUOTED_INCLUDE_IN_FRAMEWORK_HEADER = YES;
				CLANG_WARN_RANGE_LOOP_ANALYSIS = YES;
				CLANG_WARN_STRICT_PROTOTYPES = YES;
				CLANG_WARN_SUSPICIOUS_MOVE = YES;
				CLANG_WARN_UNGUARDED_AVAILABILITY = YES_AGGRESSIVE;
				CLANG_WARN_UNREACHABLE_CODE = YES;
				CLANG_WARN__DUPLICATE_METHOD_MATCH = YES;
				COPY_PHASE_STRIP = NO;
				DEBUG_INFORMATION_FORMAT = "dwarf-with-dsym";
				ENABLE_NS_ASSERTIONS = NO;
				ENABLE_STRICT_OBJC_MSGSEND = YES;
				GCC_C_LANGUAGE_STANDARD = gnu11;
				GCC_NO_COMMON_BLOCKS = YES;
				GCC_WARN_64_TO_32_BIT_CONVERSION = YES;
				GCC_WARN_ABOUT_RETURN_TYPE = YES_ERROR;
				GCC_WARN_UNDECLARED_SELECTOR = YES;
				GCC_WARN_UNINITIALIZED_AUTOS = YES_AGGRESSIVE;
				GCC_WARN_UNUSED_FUNCTION = YES;
				GCC_WARN_UNUSED_VARIABLE = YES;
				IPHONEOS_DEPLOYMENT_TARGET = 15.0;
				MTL_ENABLE_DEBUG_INFO = NO;
				MTL_FAST_MATH = YES;
				SDKROOT = iphoneos;
				SWIFT_COMPILATION_MODE = wholemodule;
				SWIFT_OPTIMIZATION_LEVEL = "-O";
				VALIDATE_PRODUCT = YES;
			};
			name = Release;
		};
		F73A2D9A26A404F500137EF0 /* Debug */ = {
			isa = XCBuildConfiguration;
			buildSettings = {
				ASSETCATALOG_COMPILER_APPICON_NAME = AppIcon;
				ASSETCATALOG_COMPILER_GLOBAL_ACCENT_COLOR_NAME = AccentColor;
				CODE_SIGN_ENTITLEMENTS = PlanningPoker/PlanningPoker.entitlements;
				CODE_SIGN_STYLE = Automatic;
				CURRENT_PROJECT_VERSION = 1;
				DEVELOPMENT_ASSET_PATHS = "\"PlanningPoker/Preview Content\"";
				ENABLE_PREVIEWS = YES;
				GENERATE_INFOPLIST_FILE = YES;
				INFOPLIST_KEY_UIApplicationSceneManifest_Generation = YES;
				INFOPLIST_KEY_UIApplicationSupportsIndirectInputEvents = YES;
				INFOPLIST_KEY_UILaunchScreen_Generation = YES;
				INFOPLIST_KEY_UISupportedInterfaceOrientations_iPad = "UIInterfaceOrientationPortrait UIInterfaceOrientationPortraitUpsideDown UIInterfaceOrientationLandscapeLeft UIInterfaceOrientationLandscapeRight";
				INFOPLIST_KEY_UISupportedInterfaceOrientations_iPhone = "UIInterfaceOrientationPortrait UIInterfaceOrientationLandscapeLeft UIInterfaceOrientationLandscapeRight";
				LD_RUNPATH_SEARCH_PATHS = (
					"$(inherited)",
					"@executable_path/Frameworks",
				);
				MARKETING_VERSION = 1.0;
				PRODUCT_BUNDLE_IDENTIFIER = "com.example.PlanningPoker${DEVELOPMENT_TEAM}";
				PRODUCT_NAME = "$(TARGET_NAME)";
				SWIFT_EMIT_LOC_STRINGS = YES;
				SWIFT_VERSION = 5.0;
				TARGETED_DEVICE_FAMILY = "1,2";
			};
			name = Debug;
		};
		F73A2D9B26A404F500137EF0 /* Release */ = {
			isa = XCBuildConfiguration;
			buildSettings = {
				ASSETCATALOG_COMPILER_APPICON_NAME = AppIcon;
				ASSETCATALOG_COMPILER_GLOBAL_ACCENT_COLOR_NAME = AccentColor;
				CODE_SIGN_ENTITLEMENTS = PlanningPoker/PlanningPoker.entitlements;
				CODE_SIGN_STYLE = Automatic;
				CURRENT_PROJECT_VERSION = 1;
				DEVELOPMENT_ASSET_PATHS = "\"PlanningPoker/Preview Content\"";
				ENABLE_PREVIEWS = YES;
				GENERATE_INFOPLIST_FILE = YES;
				INFOPLIST_KEY_UIApplicationSceneManifest_Generation = YES;
				INFOPLIST_KEY_UIApplicationSupportsIndirectInputEvents = YES;
				INFOPLIST_KEY_UILaunchScreen_Generation = YES;
				INFOPLIST_KEY_UISupportedInterfaceOrientations_iPad = "UIInterfaceOrientationPortrait UIInterfaceOrientationPortraitUpsideDown UIInterfaceOrientationLandscapeLeft UIInterfaceOrientationLandscapeRight";
				INFOPLIST_KEY_UISupportedInterfaceOrientations_iPhone = "UIInterfaceOrientationPortrait UIInterfaceOrientationLandscapeLeft UIInterfaceOrientationLandscapeRight";
				LD_RUNPATH_SEARCH_PATHS = (
					"$(inherited)",
					"@executable_path/Frameworks",
				);
				MARKETING_VERSION = 1.0;
				PRODUCT_BUNDLE_IDENTIFIER = "com.example.PlanningPoker${DEVELOPMENT_TEAM}";
				PRODUCT_NAME = "$(TARGET_NAME)";
				SWIFT_EMIT_LOC_STRINGS = YES;
				SWIFT_VERSION = 5.0;
				TARGETED_DEVICE_FAMILY = "1,2";
			};
			name = Release;
		};
/* End XCBuildConfiguration section */

/* Begin XCConfigurationList section */
		F73A2D8626A404F500137EF0 /* Build configuration list for PBXProject "PlanningPoker" */ = {
			isa = XCConfigurationList;
			buildConfigurations = (
				F73A2D9726A404F500137EF0 /* Debug */,
				F73A2D9826A404F500137EF0 /* Release */,
			);
			defaultConfigurationIsVisible = 0;
			defaultConfigurationName = Release;
		};
		F73A2D9926A404F500137EF0 /* Build configuration list for PBXNativeTarget "PlanningPoker" */ = {
			isa = XCConfigurationList;
			buildConfigurations = (
				F73A2D9A26A404F500137EF0 /* Debug */,
				F73A2D9B26A404F500137EF0 /* Release */,
			);
			defaultConfigurationIsVisible = 0;
			defaultConfigurationName = Release;
		};
/* End XCConfigurationList section */
	};
	rootObject = F73A2D8326A404F500137EF0 /* Project object */;
}
